
Microsoft Visual Studio Solution File, Format Version 12.00
# Visual Studio Version 17
VisualStudioVersion = 17.6.33815.320
MinimumVisualStudioVersion = 10.0.40219.1
Project("{FAE04EC0-301F-11D3-BF4B-00C04F79EFBC}") = "01. Extract Person Information", "01. Extract Person Information\01. Extract Person Information.csproj", "{582D02ED-95C6-49B0-A208-762787305A57}"
EndProject
Project("{FAE04EC0-301F-11D3-BF4B-00C04F79EFBC}") = "02. Ascii Sumator", "02. Ascii Sumator\02. Ascii Sumator.csproj", "{479A5DCA-D3C9-4B10-9AF8-3F45D078F951}"
EndProject
Project("{FAE04EC0-301F-11D3-BF4B-00C04F79EFBC}") = "03. Treasure Finder", "03. Treasure Finder\03. Treasure Finder.csproj", "{34C268CE-5281-4ADE-AB52-EA41CC0C407A}"
EndProject
Project("{FAE04EC0-301F-11D3-BF4B-00C04F79EFBC}") = "04. Morse Code Translator", "04. Morse Code Translator\04. Morse Code Translator.csproj", "{5756FB15-8DED-4AA1-8AFD-18017C32E5E9}"
EndProject
Project("{FAE04EC0-301F-11D3-BF4B-00C04F79EFBC}") = "05. HTML", "05. HTML\05. HTML.csproj", "{1295D82E-0967-4041-B8CA-34B09A5D5EEB}"
EndProject
Global
	GlobalSection(SolutionConfigurationPlatforms) = preSolution
		Debug|Any CPU = Debug|Any CPU
		Release|Any CPU = Release|Any CPU
	EndGlobalSection
	GlobalSection(ProjectConfigurationPlatforms) = postSolution
		{582D02ED-95C6-49B0-A208-762787305A57}.Debug|Any CPU.ActiveCfg = Debug|Any CPU
		{582D02ED-95C6-49B0-A208-762787305A57}.Debug|Any CPU.Build.0 = Debug|Any CPU
		{582D02ED-95C6-49B0-A208-762787305A57}.Release|Any CPU.ActiveCfg = Release|Any CPU
		{582D02ED-95C6-49B0-A208-762787305A57}.Release|Any CPU.Build.0 = Release|Any CPU
		{479A5DCA-D3C9-4B10-9AF8-3F45D078F951}.Debug|Any CPU.ActiveCfg = Debug|Any CPU
		{479A5DCA-D3C9-4B10-9AF8-3F45D078F951}.Debug|Any CPU.Build.0 = Debug|Any CPU
		{479A5DCA-D3C9-4B10-9AF8-3F45D078F951}.Release|Any CPU.ActiveCfg = Release|Any CPU
		{479A5DCA-D3C9-4B10-9AF8-3F45D078F951}.Release|Any CPU.Build.0 = Release|Any CPU
		{34C268CE-5281-4ADE-AB52-EA41CC0C407A}.Debug|Any CPU.ActiveCfg = Debug|Any CPU
		{34C268CE-5281-4ADE-AB52-EA41CC0C407A}.Debug|Any CPU.Build.0 = Debug|Any CPU
		{34C268CE-5281-4ADE-AB52-EA41CC0C407A}.Release|Any CPU.ActiveCfg = Release|Any CPU
		{34C268CE-5281-4ADE-AB52-EA41CC0C407A}.Release|Any CPU.Build.0 = Release|Any CPU
		{5756FB15-8DED-4AA1-8AFD-18017C32E5E9}.Debug|Any CPU.ActiveCfg = Debug|Any CPU
		{5756FB15-8DED-4AA1-8AFD-18017C32E5E9}.Debug|Any CPU.Build.0 = Debug|Any CPU
		{5756FB15-8DED-4AA1-8AFD-18017C32E5E9}.Release|Any CPU.ActiveCfg = Release|Any CPU
		{5756FB15-8DED-4AA1-8AFD-18017C32E5E9}.Release|Any CPU.Build.0 = Release|Any CPU
		{1295D82E-0967-4041-B8CA-34B09A5D5EEB}.Debug|Any CPU.ActiveCfg = Debug|Any CPU
		{1295D82E-0967-4041-B8CA-34B09A5D5EEB}.Debug|Any CPU.Build.0 = Debug|Any CPU
		{1295D82E-0967-4041-B8CA-34B09A5D5EEB}.Release|Any CPU.ActiveCfg = Release|Any CPU
		{1295D82E-0967-4041-B8CA-34B09A5D5EEB}.Release|Any CPU.Build.0 = Release|Any CPU
	EndGlobalSection
	GlobalSection(SolutionProperties) = preSolution
		HideSolutionNode = FALSE
	EndGlobalSection
	GlobalSection(ExtensibilityGlobals) = postSolution
		SolutionGuid = {8F51DC99-1279-4F6F-B8AF-9C9089CC0E18}
	EndGlobalSection
EndGlobal
